// !$*UTF8*$!
{
	archiveVersion = 1;
	classes = {
	};
	objectVersion = 50;
	objects = {

/* Begin PBXBuildFile section */
		28C25E77226015D400024CB8 /* AppDelegate.swift in Sources */ = {isa = PBXBuildFile; fileRef = 28C25E76226015D400024CB8 /* AppDelegate.swift */; };
		28C25E79226015D400024CB8 /* ViewController.swift in Sources */ = {isa = PBXBuildFile; fileRef = 28C25E78226015D400024CB8 /* ViewController.swift */; };
		28C25E7C226015D400024CB8 /* Main.storyboard in Resources */ = {isa = PBXBuildFile; fileRef = 28C25E7A226015D400024CB8 /* Main.storyboard */; };
		28C25E7E226015D500024CB8 /* Assets.xcassets in Resources */ = {isa = PBXBuildFile; fileRef = 28C25E7D226015D500024CB8 /* Assets.xcassets */; };
		28C25E81226015D500024CB8 /* LaunchScreen.storyboard in Resources */ = {isa = PBXBuildFile; fileRef = 28C25E7F226015D500024CB8 /* LaunchScreen.storyboard */; };
		28C25E91226249DB00024CB8 /* DetailViewController.swift in Sources */ = {isa = PBXBuildFile; fileRef = 28C25E90226249DB00024CB8 /* DetailViewController.swift */; };
		28C25E9C2262ED3900024CB8 /* sav16.jpg in Resources */ = {isa = PBXBuildFile; fileRef = 28C25E922262ED3800024CB8 /* sav16.jpg */; };
		28C25E9D2262ED3900024CB8 /* sav18.jpg in Resources */ = {isa = PBXBuildFile; fileRef = 28C25E932262ED3800024CB8 /* sav18.jpg */; };
		28C25E9E2262ED3900024CB8 /* sav19.jpg in Resources */ = {isa = PBXBuildFile; fileRef = 28C25E942262ED3800024CB8 /* sav19.jpg */; };
		28C25E9F2262ED3900024CB8 /* sav15.jpg in Resources */ = {isa = PBXBuildFile; fileRef = 28C25E952262ED3800024CB8 /* sav15.jpg */; };
		28C25EA02262ED3900024CB8 /* sav20.jpg in Resources */ = {isa = PBXBuildFile; fileRef = 28C25E962262ED3900024CB8 /* sav20.jpg */; };
		28C25EA12262ED3900024CB8 /* sav23.jpg in Resources */ = {isa = PBXBuildFile; fileRef = 28C25E972262ED3900024CB8 /* sav23.jpg */; };
		28C25EA22262ED3900024CB8 /* sav22.jpg in Resources */ = {isa = PBXBuildFile; fileRef = 28C25E982262ED3900024CB8 /* sav22.jpg */; };
		28C25EA32262ED3900024CB8 /* sav24.jpg in Resources */ = {isa = PBXBuildFile; fileRef = 28C25E992262ED3900024CB8 /* sav24.jpg */; };
		28C25EA42262ED3900024CB8 /* sav21.jpg in Resources */ = {isa = PBXBuildFile; fileRef = 28C25E9A2262ED3900024CB8 /* sav21.jpg */; };
		28C25EA52262ED3900024CB8 /* sav17.jpg in Resources */ = {isa = PBXBuildFile; fileRef = 28C25E9B2262ED3900024CB8 /* sav17.jpg */; };
/* End PBXBuildFile section */

/* Begin PBXFileReference section */
		28C25E73226015D400024CB8 /* UITableView.app */ = {isa = PBXFileReference; explicitFileType = wrapper.application; includeInIndex = 0; path = UITableView.app; sourceTree = BUILT_PRODUCTS_DIR; };
		28C25E76226015D400024CB8 /* AppDelegate.swift */ = {isa = PBXFileReference; lastKnownFileType = sourcecode.swift; path = AppDelegate.swift; sourceTree = "<group>"; };
		28C25E78226015D400024CB8 /* ViewController.swift */ = {isa = PBXFileReference; lastKnownFileType = sourcecode.swift; path = ViewController.swift; sourceTree = "<group>"; };
		28C25E7B226015D400024CB8 /* Base */ = {isa = PBXFileReference; lastKnownFileType = file.storyboard; name = Base; path = Base.lproj/Main.storyboard; sourceTree = "<group>"; };
		28C25E7D226015D500024CB8 /* Assets.xcassets */ = {isa = PBXFileReference; lastKnownFileType = folder.assetcatalog; path = Assets.xcassets; sourceTree = "<group>"; };
		28C25E80226015D500024CB8 /* Base */ = {isa = PBXFileReference; lastKnownFileType = file.storyboard; name = Base; path = Base.lproj/LaunchScreen.storyboard; sourceTree = "<group>"; };
		28C25E82226015D500024CB8 /* Info.plist */ = {isa = PBXFileReference; lastKnownFileType = text.plist.xml; path = Info.plist; sourceTree = "<group>"; };
		28C25E90226249DB00024CB8 /* DetailViewController.swift */ = {isa = PBXFileReference; lastKnownFileType = sourcecode.swift; path = DetailViewController.swift; sourceTree = "<group>"; };
		28C25E922262ED3800024CB8 /* sav16.jpg */ = {isa = PBXFileReference; lastKnownFileType = image.jpeg; path = sav16.jpg; sourceTree = "<group>"; };
		28C25E932262ED3800024CB8 /* sav18.jpg */ = {isa = PBXFileReference; lastKnownFileType = image.jpeg; path = sav18.jpg; sourceTree = "<group>"; };
		28C25E942262ED3800024CB8 /* sav19.jpg */ = {isa = PBXFileReference; lastKnownFileType = image.jpeg; path = sav19.jpg; sourceTree = "<group>"; };
		28C25E952262ED3800024CB8 /* sav15.jpg */ = {isa = PBXFileReference; lastKnownFileType = image.jpeg; path = sav15.jpg; sourceTree = "<group>"; };
		28C25E962262ED3900024CB8 /* sav20.jpg */ = {isa = PBXFileReference; lastKnownFileType = image.jpeg; path = sav20.jpg; sourceTree = "<group>"; };
		28C25E972262ED3900024CB8 /* sav23.jpg */ = {isa = PBXFileReference; lastKnownFileType = image.jpeg; path = sav23.jpg; sourceTree = "<group>"; };
		28C25E982262ED3900024CB8 /* sav22.jpg */ = {isa = PBXFileReference; lastKnownFileType = image.jpeg; path = sav22.jpg; sourceTree = "<group>"; };
		28C25E992262ED3900024CB8 /* sav24.jpg */ = {isa = PBXFileReference; lastKnownFileType = image.jpeg; path = sav24.jpg; sourceTree = "<group>"; };
		28C25E9A2262ED3900024CB8 /* sav21.jpg */ = {isa = PBXFileReference; lastKnownFileType = image.jpeg; path = sav21.jpg; sourceTree = "<group>"; };
		28C25E9B2262ED3900024CB8 /* sav17.jpg */ = {isa = PBXFileReference; lastKnownFileType = image.jpeg; path = sav17.jpg; sourceTree = "<group>"; };
/* End PBXFileReference section */

/* Begin PBXFrameworksBuildPhase section */
		28C25E70226015D400024CB8 /* Frameworks */ = {
			isa = PBXFrameworksBuildPhase;
			buildActionMask = 2147483647;
			files = (
			);
			runOnlyForDeploymentPostprocessing = 0;
		};
/* End PBXFrameworksBuildPhase section */

/* Begin PBXGroup section */
		28C25E6A226015D400024CB8 = {
			isa = PBXGroup;
			children = (
				28C25E75226015D400024CB8 /* Alpha */,
				28C25E74226015D400024CB8 /* Products */,
			);
			sourceTree = "<group>";
		};
		28C25E74226015D400024CB8 /* Products */ = {
			isa = PBXGroup;
			children = (
				28C25E73226015D400024CB8 /* UITableView.app */,
			);
			name = Products;
			sourceTree = "<group>";
		};
		28C25E75226015D400024CB8 /* Alpha */ = {
			isa = PBXGroup;
			children = (
				28C25E76226015D400024CB8 /* AppDelegate.swift */,
				28C25E78226015D400024CB8 /* ViewController.swift */,
				28C25E90226249DB00024CB8 /* DetailViewController.swift */,
				28C25E7A226015D400024CB8 /* Main.storyboard */,
				28C25E7D226015D500024CB8 /* Assets.xcassets */,
				28C25E952262ED3800024CB8 /* sav15.jpg */,
				28C25E922262ED3800024CB8 /* sav16.jpg */,
				28C25E9B2262ED3900024CB8 /* sav17.jpg */,
				28C25E932262ED3800024CB8 /* sav18.jpg */,
				28C25E942262ED3800024CB8 /* sav19.jpg */,
				28C25E962262ED3900024CB8 /* sav20.jpg */,
				28C25E9A2262ED3900024CB8 /* sav21.jpg */,
				28C25E982262ED3900024CB8 /* sav22.jpg */,
				28C25E972262ED3900024CB8 /* sav23.jpg */,
				28C25E992262ED3900024CB8 /* sav24.jpg */,
				28C25E7F226015D500024CB8 /* LaunchScreen.storyboard */,
				28C25E82226015D500024CB8 /* Info.plist */,
			);
			path = Alpha;
			sourceTree = "<group>";
		};
/* End PBXGroup section */

/* Begin PBXNativeTarget section */
		28C25E72226015D400024CB8 /* UITableView */ = {
			isa = PBXNativeTarget;
			buildConfigurationList = 28C25E85226015D500024CB8 /* Build configuration list for PBXNativeTarget "UITableView" */;
			buildPhases = (
				28C25E6F226015D400024CB8 /* Sources */,
				28C25E70226015D400024CB8 /* Frameworks */,
				28C25E71226015D400024CB8 /* Resources */,
			);
			buildRules = (
			);
			dependencies = (
			);
			name = UITableView;
			productName = Alpha;
			productReference = 28C25E73226015D400024CB8 /* UITableView.app */;
			productType = "com.apple.product-type.application";
		};
/* End PBXNativeTarget section */

/* Begin PBXProject section */
		28C25E6B226015D400024CB8 /* Project object */ = {
			isa = PBXProject;
			attributes = {
				LastSwiftUpdateCheck = 1020;
				LastUpgradeCheck = 1020;
				ORGANIZATIONNAME = KAYCAM;
				TargetAttributes = {
					28C25E72226015D400024CB8 = {
						CreatedOnToolsVersion = 10.2;
					};
				};
			};
			buildConfigurationList = 28C25E6E226015D400024CB8 /* Build configuration list for PBXProject "UITableView" */;
			compatibilityVersion = "Xcode 9.3";
			developmentRegion = en;
			hasScannedForEncodings = 0;
			knownRegions = (
				en,
				Base,
			);
			mainGroup = 28C25E6A226015D400024CB8;
			productRefGroup = 28C25E74226015D400024CB8 /* Products */;
			projectDirPath = "";
			projectRoot = "";
			targets = (
				28C25E72226015D400024CB8 /* UITableView */,
			);
		};
/* End PBXProject section */

/* Begin PBXResourcesBuildPhase section */
		28C25E71226015D400024CB8 /* Resources */ = {
			isa = PBXResourcesBuildPhase;
			buildActionMask = 2147483647;
			files = (
				28C25E81226015D500024CB8 /* LaunchScreen.storyboard in Resources */,
				28C25E9C2262ED3900024CB8 /* sav16.jpg in Resources */,
				28C25E7E226015D500024CB8 /* Assets.xcassets in Resources */,
				28C25EA52262ED3900024CB8 /* sav17.jpg in Resources */,
				28C25EA42262ED3900024CB8 /* sav21.jpg in Resources */,
				28C25E7C226015D400024CB8 /* Main.storyboard in Resources */,
				28C25E9E2262ED3900024CB8 /* sav19.jpg in Resources */,
				28C25EA02262ED3900024CB8 /* sav20.jpg in Resources */,
				28C25EA22262ED3900024CB8 /* sav22.jpg in Resources */,
				28C25EA32262ED3900024CB8 /* sav24.jpg in Resources */,
				28C25EA12262ED3900024CB8 /* sav23.jpg in Resources */,
				28C25E9D2262ED3900024CB8 /* sav18.jpg in Resources */,
				28C25E9F2262ED3900024CB8 /* sav15.jpg in Resources */,
			);
			runOnlyForDeploymentPostprocessing = 0;
		};
/* End PBXResourcesBuildPhase section */

/* Begin PBXSourcesBuildPhase section */
		28C25E6F226015D400024CB8 /* Sources */ = {
			isa = PBXSourcesBuildPhase;
			buildActionMask = 2147483647;
			files = (
				28C25E91226249DB00024CB8 /* DetailViewController.swift in Sources */,
				28C25E79226015D400024CB8 /* ViewController.swift in Sources */,
				28C25E77226015D400024CB8 /* AppDelegate.swift in Sources */,
			);
			runOnlyForDeploymentPostprocessing = 0;
		};
/* End PBXSourcesBuildPhase section */

/* Begin PBXVariantGroup section */
		28C25E7A226015D400024CB8 /* Main.storyboard */ = {
			isa = PBXVariantGroup;
			children = (
				28C25E7B226015D400024CB8 /* Base */,
			);
			name = Main.storyboard;
			sourceTree = "<group>";
		};
		28C25E7F226015D500024CB8 /* LaunchScreen.storyboard */ = {
			isa = PBXVariantGroup;
			children = (
				28C25E80226015D500024CB8 /* Base */,
			);
			name = LaunchScreen.storyboard;
			sourceTree = "<group>";
		};
/* End PBXVariantGroup section */

/* Begin XCBuildConfiguration section */
		28C25E83226015D500024CB8 /* Debug */ = {
			isa = XCBuildConfiguration;
			buildSettings = {
				ALWAYS_SEARCH_USER_PATHS = NO;
				CLANG_ANALYZER_NONNULL = YES;
				CLANG_ANALYZER_NUMBER_OBJECT_CONVERSION = YES_AGGRESSIVE;
				CLANG_CXX_LANGUAGE_STANDARD = "gnu++14";
				CLANG_CXX_LIBRARY = "libc++";
				CLANG_ENABLE_MODULES = YES;
				CLANG_ENABLE_OBJC_ARC = YES;
				CLANG_ENABLE_OBJC_WEAK = YES;
				CLANG_WARN_BLOCK_CAPTURE_AUTORELEASING = YES;
				CLANG_WARN_BOOL_CONVERSION = YES;
				CLANG_WARN_COMMA = YES;
				CLANG_WARN_CONSTANT_CONVERSION = YES;
				CLANG_WARN_DEPRECATED_OBJC_IMPLEMENTATIONS = YES;
				CLANG_WARN_DIRECT_OBJC_ISA_USAGE = YES_ERROR;
				CLANG_WARN_DOCUMENTATION_COMMENTS = YES;
				CLANG_WARN_EMPTY_BODY = YES;
				CLANG_WARN_ENUM_CONVERSION = YES;
				CLANG_WARN_INFINITE_RECURSION = YES;
				CLANG_WARN_INT_CONVERSION = YES;
				CLANG_WARN_NON_LITERAL_NULL_CONVERSION = YES;
				CLANG_WARN_OBJC_IMPLICIT_RETAIN_SELF = YES;
				CLANG_WARN_OBJC_LITERAL_CONVERSION = YES;
				CLANG_WARN_OBJC_ROOT_CLASS = YES_ERROR;
				CLANG_WARN_RANGE_LOOP_ANALYSIS = YES;
				CLANG_WARN_STRICT_PROTOTYPES = YES;
				CLANG_WARN_SUSPICIOUS_MOVE = YES;
				CLANG_WARN_UNGUARDED_AVAILABILITY = YES_AGGRESSIVE;
				CLANG_WARN_UNREACHABLE_CODE = YES;
				CLANG_WARN__DUPLICATE_METHOD_MATCH = YES;
				CODE_SIGN_IDENTITY = "iPhone Developer";
				COPY_PHASE_STRIP = NO;
				DEBUG_INFORMATION_FORMAT = dwarf;
				ENABLE_STRICT_OBJC_MSGSEND = YES;
				ENABLE_TESTABILITY = YES;
				GCC_C_LANGUAGE_STANDARD = gnu11;
				GCC_DYNAMIC_NO_PIC = NO;
				GCC_NO_COMMON_BLOCKS = YES;
				GCC_OPTIMIZATION_LEVEL = 0;
				GCC_PREPROCESSOR_DEFINITIONS = (
					"DEBUG=1",
					"$(inherited)",
				);
				GCC_WARN_64_TO_32_BIT_CONVERSION = YES;
				GCC_WARN_ABOUT_RETURN_TYPE = YES_ERROR;
				GCC_WARN_UNDECLARED_SELECTOR = YES;
				GCC_WARN_UNINITIALIZED_AUTOS = YES_AGGRESSIVE;
				GCC_WARN_UNUSED_FUNCTION = YES;
				GCC_WARN_UNUSED_VARIABLE = YES;
				IPHONEOS_DEPLOYMENT_TARGET = 12.2;
				MTL_ENABLE_DEBUG_INFO = INCLUDE_SOURCE;
				MTL_FAST_MATH = YES;
				ONLY_ACTIVE_ARCH = YES;
				SDKROOT = iphoneos;
				SWIFT_ACTIVE_COMPILATION_CONDITIONS = DEBUG;
				SWIFT_OPTIMIZATION_LEVEL = "-Onone";
			};
			name = Debug;
		};
		28C25E84226015D500024CB8 /* Release */ = {
			isa = XCBuildConfiguration;
			buildSettings = {
				ALWAYS_SEARCH_USER_PATHS = NO;
				CLANG_ANALYZER_NONNULL = YES;
				CLANG_ANALYZER_NUMBER_OBJECT_CONVERSION = YES_AGGRESSIVE;
				CLANG_CXX_LANGUAGE_STANDARD = "gnu++14";
				CLANG_CXX_LIBRARY = "libc++";
				CLANG_ENABLE_MODULES = YES;
				CLANG_ENABLE_OBJC_ARC = YES;
				CLANG_ENABLE_OBJC_WEAK = YES;
				CLANG_WARN_BLOCK_CAPTURE_AUTORELEASING = YES;
				CLANG_WARN_BOOL_CONVERSION = YES;
				CLANG_WARN_COMMA = YES;
				CLANG_WARN_CONSTANT_CONVERSION = YES;
				CLANG_WARN_DEPRECATED_OBJC_IMPLEMENTATIONS = YES;
				CLANG_WARN_DIRECT_OBJC_ISA_USAGE = YES_ERROR;
				CLANG_WARN_DOCUMENTATION_COMMENTS = YES;
				CLANG_WARN_EMPTY_BODY = YES;
				CLANG_WARN_ENUM_CONVERSION = YES;
				CLANG_WARN_INFINITE_RECURSION = YES;
				CLANG_WARN_INT_CONVERSION = YES;
				CLANG_WARN_NON_LITERAL_NULL_CONVERSION = YES;
				CLANG_WARN_OBJC_IMPLICIT_RETAIN_SELF = YES;
				CLANG_WARN_OBJC_LITERAL_CONVERSION = YES;
				CLANG_WARN_OBJC_ROOT_CLASS = YES_ERROR;
				CLANG_WARN_RANGE_LOOP_ANALYSIS = YES;
				CLANG_WARN_STRICT_PROTOTYPES = YES;
				CLANG_WARN_SUSPICIOUS_MOVE = YES;
				CLANG_WARN_UNGUARDED_AVAILABILITY = YES_AGGRESSIVE;
				CLANG_WARN_UNREACHABLE_CODE = YES;
				CLANG_WARN__DUPLICATE_METHOD_MATCH = YES;
				CODE_SIGN_IDENTITY = "iPhone Developer";
				COPY_PHASE_STRIP = NO;
				DEBUG_INFORMATION_FORMAT = "dwarf-with-dsym";
				ENABLE_NS_ASSERTIONS = NO;
				ENABLE_STRICT_OBJC_MSGSEND = YES;
				GCC_C_LANGUAGE_STANDARD = gnu11;
				GCC_NO_COMMON_BLOCKS = YES;
				GCC_WARN_64_TO_32_BIT_CONVERSION = YES;
				GCC_WARN_ABOUT_RETURN_TYPE = YES_ERROR;
				GCC_WARN_UNDECLARED_SELECTOR = YES;
				GCC_WARN_UNINITIALIZED_AUTOS = YES_AGGRESSIVE;
				GCC_WARN_UNUSED_FUNCTION = YES;
				GCC_WARN_UNUSED_VARIABLE = YES;
				IPHONEOS_DEPLOYMENT_TARGET = 12.2;
				MTL_ENABLE_DEBUG_INFO = NO;
				MTL_FAST_MATH = YES;
				SDKROOT = iphoneos;
				SWIFT_COMPILATION_MODE = wholemodule;
				SWIFT_OPTIMIZATION_LEVEL = "-O";
				VALIDATE_PRODUCT = YES;
			};
			name = Release;
		};
		28C25E86226015D500024CB8 /* Debug */ = {
			isa = XCBuildConfiguration;
			buildSettings = {
				ASSETCATALOG_COMPILER_APPICON_NAME = AppIcon;
				CODE_SIGN_STYLE = Automatic;
				DEVELOPMENT_TEAM = EVFZH768BB;
				INFOPLIST_FILE = Alpha/Info.plist;
				IPHONEOS_DEPLOYMENT_TARGET = 13.2;
				LD_RUNPATH_SEARCH_PATHS = (
					"$(inherited)",
					"@executable_path/Frameworks",
				);
				PRODUCT_BUNDLE_IDENTIFIER = com.KAYCAM.UITableView;
				PRODUCT_NAME = UITableView;
				SWIFT_VERSION = 5.0;
				TARGETED_DEVICE_FAMILY = "1,2";
			};
			name = Debug;
		};
		28C25E87226015D500024CB8 /* Release */ = {
			isa = XCBuildConfiguration;
			buildSettings = {
				ASSETCATALOG_COMPILER_APPICON_NAME = AppIcon;
				CODE_SIGN_STYLE = Automatic;
				DEVELOPMENT_TEAM = EVFZH768BB;
				INFOPLIST_FILE = Alpha/Info.plist;
				IPHONEOS_DEPLOYMENT_TARGET = 13.2;
				LD_RUNPATH_SEARCH_PATHS = (
					"$(inherited)",
					"@executable_path/Frameworks",
				);
				PRODUCT_BUNDLE_IDENTIFIER = com.KAYCAM.UITableView;
				PRODUCT_NAME = UITableView;
				SWIFT_VERSION = 5.0;
				TARGETED_DEVICE_FAMILY = "1,2";
			};
			name = Release;
		};
/* End XCBuildConfiguration section */

/* Begin XCConfigurationList section */
		28C25E6E226015D400024CB8 /* Build configuration list for PBXProject "UITableView" */ = {
			isa = XCConfigurationList;
			buildConfigurations = (
				28C25E83226015D500024CB8 /* Debug */,
				28C25E84226015D500024CB8 /* Release */,
			);
			defaultConfigurationIsVisible = 0;
			defaultConfigurationName = Release;
		};
		28C25E85226015D500024CB8 /* Build configuration list for PBXNativeTarget "UITableView" */ = {
			isa = XCConfigurationList;
			buildConfigurations = (
				28C25E86226015D500024CB8 /* Debug */,
				28C25E87226015D500024CB8 /* Release */,
			);
			defaultConfigurationIsVisible = 0;
			defaultConfigurationName = Release;
		};
/* End XCConfigurationList section */
	};
	rootObject = 28C25E6B226015D400024CB8 /* Project object */;
}
